
Microsoft Visual Studio Solution File, Format Version 9.00
# Visual C++ Express 2005
Project("{8BC9CEB8-8B4A-11D0-8D11-00A0C91BC942}") = "msvc++2005", "msvc++2005.vcproj", "{AA7DB43F-D262-4389-95B8-18433CA1EA9A}"
EndProject
Global
	GlobalSection(SolutionConfigurationPlatforms) = preSolution
		Debug|Win32 = Debug|Win32
		Release|Win32 = Release|Win32
	EndGlobalSection
	GlobalSection(ProjectConfigurationPlatforms) = postSolution
		{AA7DB43F-D262-4389-95B8-18433CA1EA9A}.Debug|Win32.ActiveCfg = Debug|Win32
		{AA7DB43F-D262-4389-95B8-18433CA1EA9A}.Debug|Win32.Build.0 = Debug|Win32
		{AA7DB43F-D262-4389-95B8-18433CA1EA9A}.Release|Win32.ActiveCfg = Release|Win32
		{AA7DB43F-D262-4389-95B8-18433CA1EA9A}.Release|Win32.Build.0 = Release|Win32
	EndGlobalSection
	GlobalSection(SolutionProperties) = preSolution
		HideSolutionNode = FALSE
	EndGlobalSection
EndGlobal
