
Microsoft Visual Studio Solution File, Format Version 10.00
# Visual C++ Express 2008
Project("{8BC9CEB8-8B4A-11D0-8D11-00A0C91BC942}") = "msvc++2008", "msvc++2008.vcproj", "{F81980D1-E087-4126-9118-EE7B335CF9CD}"
EndProject
Global
	GlobalSection(SolutionConfigurationPlatforms) = preSolution
		Debug|Win32 = Debug|Win32
		Release|Win32 = Release|Win32
	EndGlobalSection
	GlobalSection(ProjectConfigurationPlatforms) = postSolution
		{F81980D1-E087-4126-9118-EE7B335CF9CD}.Debug|Win32.ActiveCfg = Debug|Win32
		{F81980D1-E087-4126-9118-EE7B335CF9CD}.Debug|Win32.Build.0 = Debug|Win32
		{F81980D1-E087-4126-9118-EE7B335CF9CD}.Release|Win32.ActiveCfg = Release|Win32
		{F81980D1-E087-4126-9118-EE7B335CF9CD}.Release|Win32.Build.0 = Release|Win32
	EndGlobalSection
	GlobalSection(SolutionProperties) = preSolution
		HideSolutionNode = FALSE
	EndGlobalSection
EndGlobal
